// !$*UTF8*$!
{
	archiveVersion = 1;
	classes = {
	};
	objectVersion = 46;
	objects = {

/* Begin PBXBuildFile section */
		1430805D1E423B96000850BD /* AppDelegate.swift in Sources */ = {isa = PBXBuildFile; fileRef = 1430805C1E423B96000850BD /* AppDelegate.swift */; };
		1430805F1E423B96000850BD /* TasksViewController.swift in Sources */ = {isa = PBXBuildFile; fileRef = 1430805E1E423B96000850BD /* TasksViewController.swift */; };
		143080621E423B96000850BD /* Main.storyboard in Resources */ = {isa = PBXBuildFile; fileRef = 143080601E423B96000850BD /* Main.storyboard */; };
		143080651E423B96000850BD /* DO_IT.xcdatamodeld in Sources */ = {isa = PBXBuildFile; fileRef = 143080631E423B96000850BD /* DO_IT.xcdatamodeld */; };
		143080671E423B96000850BD /* Assets.xcassets in Resources */ = {isa = PBXBuildFile; fileRef = 143080661E423B96000850BD /* Assets.xcassets */; };
		1430806A1E423B96000850BD /* LaunchScreen.storyboard in Resources */ = {isa = PBXBuildFile; fileRef = 143080681E423B96000850BD /* LaunchScreen.storyboard */; };
		143080721E4242AD000850BD /* Task.swift in Sources */ = {isa = PBXBuildFile; fileRef = 143080711E4242AD000850BD /* Task.swift */; };
		143080741E424A61000850BD /* CreateTaskViewController.swift in Sources */ = {isa = PBXBuildFile; fileRef = 143080731E424A61000850BD /* CreateTaskViewController.swift */; };
/* End PBXBuildFile section */

/* Begin PBXFileReference section */
		143080591E423B96000850BD /* DO IT.app */ = {isa = PBXFileReference; explicitFileType = wrapper.application; includeInIndex = 0; path = "DO IT.app"; sourceTree = BUILT_PRODUCTS_DIR; };
		1430805C1E423B96000850BD /* AppDelegate.swift */ = {isa = PBXFileReference; lastKnownFileType = sourcecode.swift; path = AppDelegate.swift; sourceTree = "<group>"; };
		1430805E1E423B96000850BD /* TasksViewController.swift */ = {isa = PBXFileReference; lastKnownFileType = sourcecode.swift; path = TasksViewController.swift; sourceTree = "<group>"; };
		143080611E423B96000850BD /* Base */ = {isa = PBXFileReference; lastKnownFileType = file.storyboard; name = Base; path = Base.lproj/Main.storyboard; sourceTree = "<group>"; };
		143080641E423B96000850BD /* DO_IT.xcdatamodel */ = {isa = PBXFileReference; lastKnownFileType = wrapper.xcdatamodel; path = DO_IT.xcdatamodel; sourceTree = "<group>"; };
		143080661E423B96000850BD /* Assets.xcassets */ = {isa = PBXFileReference; lastKnownFileType = folder.assetcatalog; path = Assets.xcassets; sourceTree = "<group>"; };
		143080691E423B96000850BD /* Base */ = {isa = PBXFileReference; lastKnownFileType = file.storyboard; name = Base; path = Base.lproj/LaunchScreen.storyboard; sourceTree = "<group>"; };
		1430806B1E423B96000850BD /* Info.plist */ = {isa = PBXFileReference; lastKnownFileType = text.plist.xml; path = Info.plist; sourceTree = "<group>"; };
		143080711E4242AD000850BD /* Task.swift */ = {isa = PBXFileReference; fileEncoding = 4; lastKnownFileType = sourcecode.swift; path = Task.swift; sourceTree = "<group>"; };
		143080731E424A61000850BD /* CreateTaskViewController.swift */ = {isa = PBXFileReference; fileEncoding = 4; lastKnownFileType = sourcecode.swift; path = CreateTaskViewController.swift; sourceTree = "<group>"; };
/* End PBXFileReference section */

/* Begin PBXFrameworksBuildPhase section */
		143080561E423B96000850BD /* Frameworks */ = {
			isa = PBXFrameworksBuildPhase;
			buildActionMask = 2147483647;
			files = (
			);
			runOnlyForDeploymentPostprocessing = 0;
		};
/* End PBXFrameworksBuildPhase section */

/* Begin PBXGroup section */
		143080501E423B96000850BD = {
			isa = PBXGroup;
			children = (
				1430805B1E423B96000850BD /* DO IT */,
				1430805A1E423B96000850BD /* Products */,
			);
			sourceTree = "<group>";
		};
		1430805A1E423B96000850BD /* Products */ = {
			isa = PBXGroup;
			children = (
				143080591E423B96000850BD /* DO IT.app */,
			);
			name = Products;
			sourceTree = "<group>";
		};
		1430805B1E423B96000850BD /* DO IT */ = {
			isa = PBXGroup;
			children = (
				1430805C1E423B96000850BD /* AppDelegate.swift */,
				143080711E4242AD000850BD /* Task.swift */,
				1430805E1E423B96000850BD /* TasksViewController.swift */,
				143080731E424A61000850BD /* CreateTaskViewController.swift */,
				143080601E423B96000850BD /* Main.storyboard */,
				143080661E423B96000850BD /* Assets.xcassets */,
				143080681E423B96000850BD /* LaunchScreen.storyboard */,
				1430806B1E423B96000850BD /* Info.plist */,
				143080631E423B96000850BD /* DO_IT.xcdatamodeld */,
			);
			path = "DO IT";
			sourceTree = "<group>";
		};
/* End PBXGroup section */

/* Begin PBXNativeTarget section */
		143080581E423B96000850BD /* DO IT */ = {
			isa = PBXNativeTarget;
			buildConfigurationList = 1430806E1E423B96000850BD /* Build configuration list for PBXNativeTarget "DO IT" */;
			buildPhases = (
				143080551E423B96000850BD /* Sources */,
				143080561E423B96000850BD /* Frameworks */,
				143080571E423B96000850BD /* Resources */,
			);
			buildRules = (
			);
			dependencies = (
			);
			name = "DO IT";
			productName = "DO IT";
			productReference = 143080591E423B96000850BD /* DO IT.app */;
			productType = "com.apple.product-type.application";
		};
/* End PBXNativeTarget section */

/* Begin PBXProject section */
		143080511E423B96000850BD /* Project object */ = {
			isa = PBXProject;
			attributes = {
				LastSwiftUpdateCheck = 0820;
				LastUpgradeCheck = 0820;
				ORGANIZATIONNAME = "Ariel Nelson";
				TargetAttributes = {
					143080581E423B96000850BD = {
						CreatedOnToolsVersion = 8.2.1;
						ProvisioningStyle = Automatic;
					};
				};
			};
			buildConfigurationList = 143080541E423B96000850BD /* Build configuration list for PBXProject "DO IT" */;
			compatibilityVersion = "Xcode 3.2";
			developmentRegion = English;
			hasScannedForEncodings = 0;
			knownRegions = (
				en,
				Base,
			);
			mainGroup = 143080501E423B96000850BD;
			productRefGroup = 1430805A1E423B96000850BD /* Products */;
			projectDirPath = "";
			projectRoot = "";
			targets = (
				143080581E423B96000850BD /* DO IT */,
			);
		};
/* End PBXProject section */

/* Begin PBXResourcesBuildPhase section */
		143080571E423B96000850BD /* Resources */ = {
			isa = PBXResourcesBuildPhase;
			buildActionMask = 2147483647;
			files = (
				1430806A1E423B96000850BD /* LaunchScreen.storyboard in Resources */,
				143080671E423B96000850BD /* Assets.xcassets in Resources */,
				143080621E423B96000850BD /* Main.storyboard in Resources */,
			);
			runOnlyForDeploymentPostprocessing = 0;
		};
/* End PBXResourcesBuildPhase section */

/* Begin PBXSourcesBuildPhase section */
		143080551E423B96000850BD /* Sources */ = {
			isa = PBXSourcesBuildPhase;
			buildActionMask = 2147483647;
			files = (
				143080721E4242AD000850BD /* Task.swift in Sources */,
				1430805F1E423B96000850BD /* TasksViewController.swift in Sources */,
				1430805D1E423B96000850BD /* AppDelegate.swift in Sources */,
				143080651E423B96000850BD /* DO_IT.xcdatamodeld in Sources */,
				143080741E424A61000850BD /* CreateTaskViewController.swift in Sources */,
			);
			runOnlyForDeploymentPostprocessing = 0;
		};
/* End PBXSourcesBuildPhase section */

/* Begin PBXVariantGroup section */
		143080601E423B96000850BD /* Main.storyboard */ = {
			isa = PBXVariantGroup;
			children = (
				143080611E423B96000850BD /* Base */,
			);
			name = Main.storyboard;
			sourceTree = "<group>";
		};
		143080681E423B96000850BD /* LaunchScreen.storyboard */ = {
			isa = PBXVariantGroup;
			children = (
				143080691E423B96000850BD /* Base */,
			);
			name = LaunchScreen.storyboard;
			sourceTree = "<group>";
		};
/* End PBXVariantGroup section */

/* Begin XCBuildConfiguration section */
		1430806C1E423B96000850BD /* Debug */ = {
			isa = XCBuildConfiguration;
			buildSettings = {
				ALWAYS_SEARCH_USER_PATHS = NO;
				CLANG_ANALYZER_NONNULL = YES;
				CLANG_CXX_LANGUAGE_STANDARD = "gnu++0x";
				CLANG_CXX_LIBRARY = "libc++";
				CLANG_ENABLE_MODULES = YES;
				CLANG_ENABLE_OBJC_ARC = YES;
				CLANG_WARN_BOOL_CONVERSION = YES;
				CLANG_WARN_CONSTANT_CONVERSION = YES;
				CLANG_WARN_DIRECT_OBJC_ISA_USAGE = YES_ERROR;
				CLANG_WARN_DOCUMENTATION_COMMENTS = YES;
				CLANG_WARN_EMPTY_BODY = YES;
				CLANG_WARN_ENUM_CONVERSION = YES;
				CLANG_WARN_INFINITE_RECURSION = YES;
				CLANG_WARN_INT_CONVERSION = YES;
				CLANG_WARN_OBJC_ROOT_CLASS = YES_ERROR;
				CLANG_WARN_SUSPICIOUS_MOVE = YES;
				CLANG_WARN_UNREACHABLE_CODE = YES;
				CLANG_WARN__DUPLICATE_METHOD_MATCH = YES;
				"CODE_SIGN_IDENTITY[sdk=iphoneos*]" = "iPhone Developer";
				COPY_PHASE_STRIP = NO;
				DEBUG_INFORMATION_FORMAT = dwarf;
				ENABLE_STRICT_OBJC_MSGSEND = YES;
				ENABLE_TESTABILITY = YES;
				GCC_C_LANGUAGE_STANDARD = gnu99;
				GCC_DYNAMIC_NO_PIC = NO;
				GCC_NO_COMMON_BLOCKS = YES;
				GCC_OPTIMIZATION_LEVEL = 0;
				GCC_PREPROCESSOR_DEFINITIONS = (
					"DEBUG=1",
					"$(inherited)",
				);
				GCC_WARN_64_TO_32_BIT_CONVERSION = YES;
				GCC_WARN_ABOUT_RETURN_TYPE = YES_ERROR;
				GCC_WARN_UNDECLARED_SELECTOR = YES;
				GCC_WARN_UNINITIALIZED_AUTOS = YES_AGGRESSIVE;
				GCC_WARN_UNUSED_FUNCTION = YES;
				GCC_WARN_UNUSED_VARIABLE = YES;
				IPHONEOS_DEPLOYMENT_TARGET = 10.2;
				MTL_ENABLE_DEBUG_INFO = YES;
				ONLY_ACTIVE_ARCH = YES;
				SDKROOT = iphoneos;
				SWIFT_ACTIVE_COMPILATION_CONDITIONS = DEBUG;
				SWIFT_OPTIMIZATION_LEVEL = "-Onone";
				TARGETED_DEVICE_FAMILY = "1,2";
			};
			name = Debug;
		};
		1430806D1E423B96000850BD /* Release */ = {
			isa = XCBuildConfiguration;
			buildSettings = {
				ALWAYS_SEARCH_USER_PATHS = NO;
				CLANG_ANALYZER_NONNULL = YES;
				CLANG_CXX_LANGUAGE_STANDARD = "gnu++0x";
				CLANG_CXX_LIBRARY = "libc++";
				CLANG_ENABLE_MODULES = YES;
				CLANG_ENABLE_OBJC_ARC = YES;
				CLANG_WARN_BOOL_CONVERSION = YES;
				CLANG_WARN_CONSTANT_CONVERSION = YES;
				CLANG_WARN_DIRECT_OBJC_ISA_USAGE = YES_ERROR;
				CLANG_WARN_DOCUMENTATION_COMMENTS = YES;
				CLANG_WARN_EMPTY_BODY = YES;
				CLANG_WARN_ENUM_CONVERSION = YES;
				CLANG_WARN_INFINITE_RECURSION = YES;
				CLANG_WARN_INT_CONVERSION = YES;
				CLANG_WARN_OBJC_ROOT_CLASS = YES_ERROR;
				CLANG_WARN_SUSPICIOUS_MOVE = YES;
				CLANG_WARN_UNREACHABLE_CODE = YES;
				CLANG_WARN__DUPLICATE_METHOD_MATCH = YES;
				"CODE_SIGN_IDENTITY[sdk=iphoneos*]" = "iPhone Developer";
				COPY_PHASE_STRIP = NO;
				DEBUG_INFORMATION_FORMAT = "dwarf-with-dsym";
				ENABLE_NS_ASSERTIONS = NO;
				ENABLE_STRICT_OBJC_MSGSEND = YES;
				GCC_C_LANGUAGE_STANDARD = gnu99;
				GCC_NO_COMMON_BLOCKS = YES;
				GCC_WARN_64_TO_32_BIT_CONVERSION = YES;
				GCC_WARN_ABOUT_RETURN_TYPE = YES_ERROR;
				GCC_WARN_UNDECLARED_SELECTOR = YES;
				GCC_WARN_UNINITIALIZED_AUTOS = YES_AGGRESSIVE;
				GCC_WARN_UNUSED_FUNCTION = YES;
				GCC_WARN_UNUSED_VARIABLE = YES;
				IPHONEOS_DEPLOYMENT_TARGET = 10.2;
				MTL_ENABLE_DEBUG_INFO = NO;
				SDKROOT = iphoneos;
				SWIFT_OPTIMIZATION_LEVEL = "-Owholemodule";
				TARGETED_DEVICE_FAMILY = "1,2";
				VALIDATE_PRODUCT = YES;
			};
			name = Release;
		};
		1430806F1E423B96000850BD /* Debug */ = {
			isa = XCBuildConfiguration;
			buildSettings = {
				ASSETCATALOG_COMPILER_APPICON_NAME = AppIcon;
				INFOPLIST_FILE = "DO IT/Info.plist";
				LD_RUNPATH_SEARCH_PATHS = "$(inherited) @executable_path/Frameworks";
				PRODUCT_BUNDLE_IDENTIFIER = "com.arielnelson.DO-IT";
				PRODUCT_NAME = "$(TARGET_NAME)";
				SWIFT_VERSION = 3.0;
			};
			name = Debug;
		};
		143080701E423B96000850BD /* Release */ = {
			isa = XCBuildConfiguration;
			buildSettings = {
				ASSETCATALOG_COMPILER_APPICON_NAME = AppIcon;
				INFOPLIST_FILE = "DO IT/Info.plist";
				LD_RUNPATH_SEARCH_PATHS = "$(inherited) @executable_path/Frameworks";
				PRODUCT_BUNDLE_IDENTIFIER = "com.arielnelson.DO-IT";
				PRODUCT_NAME = "$(TARGET_NAME)";
				SWIFT_VERSION = 3.0;
			};
			name = Release;
		};
/* End XCBuildConfiguration section */

/* Begin XCConfigurationList section */
		143080541E423B96000850BD /* Build configuration list for PBXProject "DO IT" */ = {
			isa = XCConfigurationList;
			buildConfigurations = (
				1430806C1E423B96000850BD /* Debug */,
				1430806D1E423B96000850BD /* Release */,
			);
			defaultConfigurationIsVisible = 0;
			defaultConfigurationName = Release;
		};
		1430806E1E423B96000850BD /* Build configuration list for PBXNativeTarget "DO IT" */ = {
			isa = XCConfigurationList;
			buildConfigurations = (
				1430806F1E423B96000850BD /* Debug */,
				143080701E423B96000850BD /* Release */,
			);
			defaultConfigurationIsVisible = 0;
		};
/* End XCConfigurationList section */

/* Begin XCVersionGroup section */
		143080631E423B96000850BD /* DO_IT.xcdatamodeld */ = {
			isa = XCVersionGroup;
			children = (
				143080641E423B96000850BD /* DO_IT.xcdatamodel */,
			);
			currentVersion = 143080641E423B96000850BD /* DO_IT.xcdatamodel */;
			path = DO_IT.xcdatamodeld;
			sourceTree = "<group>";
			versionGroupType = wrapper.xcdatamodel;
		};
/* End XCVersionGroup section */
	};
	rootObject = 143080511E423B96000850BD /* Project object */;
}
